{
  "lockfile_version": "1",
  "packages": {
    "docker@24.0.9": {
      "last_modified": "2024-07-03T17:18:23Z",
      "resolved": "github:NixOS/nixpkgs/61684d356e41c97f80087e89659283d00fe032ab#docker",
      "source": "devbox-search",
      "version": "24.0.9",
      "systems": {
        "aarch64-darwin": {
          "outputs": [
            {
              "name": "out",
              "path": "/nix/store/zmx4qpm0yl99xx638yil98rciad83zsc-docker-24.0.9",
              "default": true
            }
          ],
          "store_path": "/nix/store/zmx4qpm0yl99xx638yil98rciad83zsc-docker-24.0.9"
        },
        "aarch64-linux": {
          "outputs": [
            {
              "name": "out",
              "path": "/nix/store/x809s14xkmafcd9dxqgj35iw4y73qig1-docker-24.0.9",
              "default": true
            }
          ],
          "store_path": "/nix/store/x809s14xkmafcd9dxqgj35iw4y73qig1-docker-24.0.9"
        },
        "x86_64-darwin": {
          "outputs": [
            {
              "name": "out",
              "path": "/nix/store/vagwgxrfswy6pyigqb1dg5ibzwdygwjq-docker-24.0.9",
              "default": true
            }
          ],
          "store_path": "/nix/store/vagwgxrfswy6pyigqb1dg5ibzwdygwjq-docker-24.0.9"
        },
        "x86_64-linux": {
          "outputs": [
            {
              "name": "out",
              "path": "/nix/store/0mxgws0r5k96bpvk6gg5bdfn55q4njz7-docker-24.0.9",
              "default": true
            }
          ],
          "store_path": "/nix/store/0mxgws0r5k96bpvk6gg5bdfn55q4njz7-docker-24.0.9"
        }
      }
    },
    "gettext@0.21.1": {
      "last_modified": "2024-08-18T21:16:56Z",
      "resolved": "github:NixOS/nixpkgs/9aa35efbea27d320d0cdc5f922f0890812affb60#gettext",
      "source": "devbox-search",
      "version": "0.21.1",
      "systems": {
        "aarch64-darwin": {
          "outputs": [
            {
              "name": "out",
              "path": "/nix/store/dl7ykdaqw8gwr1hklf85lf1hr9258kng-gettext-0.21.1",
              "default": true
            },
            {
              "name": "man",
              "path": "/nix/store/4krncknqn5a5b33mmdrx6qi554qb71hi-gettext-0.21.1-man",
              "default": true
            },
            {
              "name": "doc",
              "path": "/nix/store/vyyr8wrykgjp6ccf5jk3gz9fmi0sg62r-gettext-0.21.1-doc"
            },
            {
              "name": "info",
              "path": "/nix/store/lbrl094wz52hzszb340xkyww1xnb421f-gettext-0.21.1-info"
            }
          ],
          "store_path": "/nix/store/dl7ykdaqw8gwr1hklf85lf1hr9258kng-gettext-0.21.1"
        },
        "aarch64-linux": {
          "outputs": [
            {
              "name": "out",
              "path": "/nix/store/w1wk7q5bpjv8vb377gjs5bkwnwldclwm-gettext-0.21.1",
              "default": true
            },
            {
              "name": "man",
              "path": "/nix/store/jqvmfsx3w5rmznvv9hxgnrkwpy718h3v-gettext-0.21.1-man",
              "default": true
            },
            {
              "name": "doc",
              "path": "/nix/store/fkrcca5i6ppbxh246fg758dcqx7g6cgc-gettext-0.21.1-doc"
            },
            {
              "name": "info",
              "path": "/nix/store/32djpscr6yp1bqa00q1svrsalaf98sd8-gettext-0.21.1-info"
            }
          ],
          "store_path": "/nix/store/w1wk7q5bpjv8vb377gjs5bkwnwldclwm-gettext-0.21.1"
        },
        "x86_64-darwin": {
          "outputs": [
            {
              "name": "out",
              "path": "/nix/store/chpjmmp815ki8fqgkfz6i67qar1w9a1j-gettext-0.21.1",
              "default": true
            },
            {
              "name": "man",
              "path": "/nix/store/8p5wswprzfrr79di4yl095izq40mjvs7-gettext-0.21.1-man",
              "default": true
            },
            {
              "name": "doc",
              "path": "/nix/store/4cjhb5l3mjz21c6nqybxyfk48y9x86v9-gettext-0.21.1-doc"
            },
            {
              "name": "info",
              "path": "/nix/store/iijhpf5kz2n0718ahlcbd9i2r7xrkih9-gettext-0.21.1-info"
            }
          ],
          "store_path": "/nix/store/chpjmmp815ki8fqgkfz6i67qar1w9a1j-gettext-0.21.1"
        },
        "x86_64-linux": {
          "outputs": [
            {
              "name": "out",
              "path": "/nix/store/5i7vyd1n23g84fljnp9y80yvz6b7k9c4-gettext-0.21.1",
              "default": true
            },
            {
              "name": "man",
              "path": "/nix/store/snxv4r706z00yhp87aw6s3a2mk0cfpwk-gettext-0.21.1-man",
              "default": true
            },
            {
              "name": "info",
              "path": "/nix/store/dlizqqva4gdnryqybmg8sbcasybizw9i-gettext-0.21.1-info"
            },
            {
              "name": "doc",
              "path": "/nix/store/zkv35jnv1sy7ny8h45c9zb9sd3f76mib-gettext-0.21.1-doc"
            }
          ],
          "store_path": "/nix/store/5i7vyd1n23g84fljnp9y80yvz6b7k9c4-gettext-0.21.1"
        }
      }
    },
    "git@latest": {
      "last_modified": "2024-06-26T05:30:43Z",
      "resolved": "github:NixOS/nixpkgs/b3f3c1b13fb08f3828442ee86630362e81136bbc#git",
      "source": "devbox-search",
      "version": "2.45.1",
      "systems": {
        "aarch64-darwin": {
          "outputs": [
            {
              "name": "out",
              "path": "/nix/store/lfg94jm4cgdnviyzfb4qi5dl94ivf3qk-git-2.45.1",
              "default": true
            },
            {
              "name": "doc",
              "path": "/nix/store/fx9bjrg4vgkkb04pbiq3pisxj4aippxk-git-2.45.1-doc"
            }
          ],
          "store_path": "/nix/store/lfg94jm4cgdnviyzfb4qi5dl94ivf3qk-git-2.45.1"
        },
        "aarch64-linux": {
          "outputs": [
            {
              "name": "out",
              "path": "/nix/store/ndw4d3hgsy7d7dfg2z7a5q2amin2d9r5-git-2.45.1",
              "default": true
            },
            {
              "name": "debug",
              "path": "/nix/store/srka3qivr7p6dbfppz40hqapvzs1pnff-git-2.45.1-debug"
            },
            {
              "name": "doc",
              "path": "/nix/store/5yz7i6i36crczabprnmcql484bs9bpcp-git-2.45.1-doc"
            }
          ],
          "store_path": "/nix/store/ndw4d3hgsy7d7dfg2z7a5q2amin2d9r5-git-2.45.1"
        },
        "x86_64-darwin": {
          "outputs": [
            {
              "name": "out",
              "path": "/nix/store/5hkhxkqzwyak9ji766885jm98pgkxxjx-git-2.45.1",
              "default": true
            },
            {
              "name": "doc",
              "path": "/nix/store/f41zpwrc7ddprr9mydn8j00vsbvs3z63-git-2.45.1-doc"
            }
          ],
          "store_path": "/nix/store/5hkhxkqzwyak9ji766885jm98pgkxxjx-git-2.45.1"
        },
        "x86_64-linux": {
          "outputs": [
            {
              "name": "out",
              "path": "/nix/store/jsbha1gg6lzzj7icrg3h0npgm8vwf80c-git-2.45.1",
              "default": true
            },
            {
              "name": "debug",
              "path": "/nix/store/4r2pm5la8w0zl12lqf6lwg8ycq28jbll-git-2.45.1-debug"
            },
            {
              "name": "doc",
              "path": "/nix/store/ba7r274fm1v4r9zfgjr4qfsby1hxikgc-git-2.45.1-doc"
            }
          ],
          "store_path": "/nix/store/jsbha1gg6lzzj7icrg3h0npgm8vwf80c-git-2.45.1"
        }
      }
    },
    "go-swag@latest": {
      "last_modified": "2024-07-07T07:43:47Z",
      "resolved": "github:NixOS/nixpkgs/b60793b86201040d9dee019a05089a9150d08b5b#go-swag",
      "source": "devbox-search",
      "version": "1.16.3",
      "systems": {
        "aarch64-darwin": {
          "outputs": [
            {
              "name": "out",
              "path": "/nix/store/ypywasg814maa2wzr337figjcvm5clm3-go-swag-1.16.3",
              "default": true
            }
          ],
          "store_path": "/nix/store/ypywasg814maa2wzr337figjcvm5clm3-go-swag-1.16.3"
        },
        "aarch64-linux": {
          "outputs": [
            {
              "name": "out",
              "path": "/nix/store/h9hzg8hrx7wc5jwarhv4ybgmd3n0qd04-go-swag-1.16.3",
              "default": true
            }
          ],
          "store_path": "/nix/store/h9hzg8hrx7wc5jwarhv4ybgmd3n0qd04-go-swag-1.16.3"
        },
        "x86_64-darwin": {
          "outputs": [
            {
              "name": "out",
              "path": "/nix/store/bi41h00spb1xfndqaky9s1k3l7yk1643-go-swag-1.16.3",
              "default": true
            }
          ],
          "store_path": "/nix/store/bi41h00spb1xfndqaky9s1k3l7yk1643-go-swag-1.16.3"
        },
        "x86_64-linux": {
          "outputs": [
            {
              "name": "out",
              "path": "/nix/store/pkhhmiddd27z6slzyrs51dfckmfpv167-go-swag-1.16.3",
              "default": true
            }
          ],
          "store_path": "/nix/store/pkhhmiddd27z6slzyrs51dfckmfpv167-go-swag-1.16.3"
        }
      }
    },
    "go-task@latest": {
      "last_modified": "2024-06-12T20:55:33Z",
      "resolved": "github:NixOS/nixpkgs/a9858885e197f984d92d7fe64e9fff6b2e488d40#go-task",
      "source": "devbox-search",
      "version": "3.37.2",
      "systems": {
        "aarch64-darwin": {
          "outputs": [
            {
              "name": "out",
              "path": "/nix/store/xj1p4vb2b09610dpyn1wh7qg6axicdw9-go-task-3.37.2",
              "default": true
            }
          ],
          "store_path": "/nix/store/xj1p4vb2b09610dpyn1wh7qg6axicdw9-go-task-3.37.2"
        },
        "aarch64-linux": {
          "outputs": [
            {
              "name": "out",
              "path": "/nix/store/i7rv367d2p5yj6hhsbja96rlkvj7fvm5-go-task-3.37.2",
              "default": true
            }
          ],
          "store_path": "/nix/store/i7rv367d2p5yj6hhsbja96rlkvj7fvm5-go-task-3.37.2"
        },
        "x86_64-darwin": {
          "outputs": [
            {
              "name": "out",
              "path": "/nix/store/vqas5d4fd44paghrjyyj5wa52mv5inr5-go-task-3.37.2",
              "default": true
            }
          ],
          "store_path": "/nix/store/vqas5d4fd44paghrjyyj5wa52mv5inr5-go-task-3.37.2"
        },
        "x86_64-linux": {
          "outputs": [
            {
              "name": "out",
              "path": "/nix/store/gy9vnx7dm5chq2isyi6ig9x908hb7kd6-go-task-3.37.2",
              "default": true
            }
          ],
          "store_path": "/nix/store/gy9vnx7dm5chq2isyi6ig9x908hb7kd6-go-task-3.37.2"
        }
      }
    },
    "go@1.22.3": {
      "last_modified": "2024-06-12T20:55:33Z",
      "resolved": "github:NixOS/nixpkgs/a9858885e197f984d92d7fe64e9fff6b2e488d40#go",
      "source": "devbox-search",
      "version": "1.22.3",
      "systems": {
        "aarch64-darwin": {
          "outputs": [
            {
              "name": "out",
              "path": "/nix/store/m4ip3yyqg4k2pilbyfczgiy8xqvh4554-go-1.22.3",
              "default": true
            }
          ],
          "store_path": "/nix/store/m4ip3yyqg4k2pilbyfczgiy8xqvh4554-go-1.22.3"
        },
        "aarch64-linux": {
          "outputs": [
            {
              "name": "out",
              "path": "/nix/store/iz2bp36nbgp2l7day14186nmw2v4v0qg-go-1.22.3",
              "default": true
            }
          ],
          "store_path": "/nix/store/iz2bp36nbgp2l7day14186nmw2v4v0qg-go-1.22.3"
        },
        "x86_64-darwin": {
          "outputs": [
            {
              "name": "out",
              "path": "/nix/store/gl1vr9lznqg5zv2f0bvh0q469k82mjz0-go-1.22.3",
              "default": true
            }
          ],
          "store_path": "/nix/store/gl1vr9lznqg5zv2f0bvh0q469k82mjz0-go-1.22.3"
        },
        "x86_64-linux": {
          "outputs": [
            {
              "name": "out",
              "path": "/nix/store/vz8d6wmfcf38l3h3vymwqr6c5zxp5jmp-go-1.22.3",
              "default": true
            }
          ],
          "store_path": "/nix/store/vz8d6wmfcf38l3h3vymwqr6c5zxp5jmp-go-1.22.3"
        }
      }
    },
    "kubebuilder@4.1.0": {
      "last_modified": "2024-07-20T09:11:00Z",
      "resolved": "github:NixOS/nixpkgs/6e14bbce7bea6c4efd7adfa88a40dac750d80100#kubebuilder",
      "source": "devbox-search",
      "version": "4.1.0",
      "systems": {
        "aarch64-darwin": {
          "outputs": [
            {
              "name": "out",
              "path": "/nix/store/j8y5479rc9k5mj9vp341mighm1krchjx-kubebuilder-4.1.0",
              "default": true
            }
          ],
          "store_path": "/nix/store/j8y5479rc9k5mj9vp341mighm1krchjx-kubebuilder-4.1.0"
        },
        "aarch64-linux": {
          "outputs": [
            {
              "name": "out",
              "path": "/nix/store/vl1avdf8zpszpv0zqnk8w2zj4rz9njpx-kubebuilder-4.1.0",
              "default": true
            }
          ],
          "store_path": "/nix/store/vl1avdf8zpszpv0zqnk8w2zj4rz9njpx-kubebuilder-4.1.0"
        },
        "x86_64-darwin": {
          "outputs": [
            {
              "name": "out",
              "path": "/nix/store/1r3m6339fc4x5sm2zxvqpqdlwa7wnwdi-kubebuilder-4.1.0",
              "default": true
            }
          ],
          "store_path": "/nix/store/1r3m6339fc4x5sm2zxvqpqdlwa7wnwdi-kubebuilder-4.1.0"
        },
        "x86_64-linux": {
          "outputs": [
            {
              "name": "out",
              "path": "/nix/store/vrb890876i9j3f2sy1nsxv06i2c9z0z9-kubebuilder-4.1.0",
              "default": true
            }
          ],
          "store_path": "/nix/store/vrb890876i9j3f2sy1nsxv06i2c9z0z9-kubebuilder-4.1.0"
        }
      }
    },
    "kubectl@1.30.2": {
      "last_modified": "2024-07-07T07:43:47Z",
      "resolved": "github:NixOS/nixpkgs/b60793b86201040d9dee019a05089a9150d08b5b#kubectl",
      "source": "devbox-search",
      "version": "1.30.2",
      "systems": {
        "aarch64-darwin": {
          "outputs": [
            {
              "name": "out",
              "path": "/nix/store/i1zidf41bkfzs2l1pq9fi1frymsfgywc-kubectl-1.30.2",
              "default": true
            },
            {
              "name": "man",
              "path": "/nix/store/dzxnn9mk9plcx3w9862jyd0nxys2yywz-kubectl-1.30.2-man",
              "default": true
            },
            {
              "name": "convert",
              "path": "/nix/store/v9ij5fnxxa02jkzpjvkbxw2jc4p9cbld-kubectl-1.30.2-convert"
            }
          ],
          "store_path": "/nix/store/i1zidf41bkfzs2l1pq9fi1frymsfgywc-kubectl-1.30.2"
        },
        "aarch64-linux": {
          "outputs": [
            {
              "name": "out",
              "path": "/nix/store/k7ql4247qs6ny27m3iz5c9xf5gb248a2-kubectl-1.30.2",
              "default": true
            },
            {
              "name": "man",
              "path": "/nix/store/wy64r4nn3isydw4nx257h95qy2x2z4mx-kubectl-1.30.2-man",
              "default": true
            },
            {
              "name": "convert",
              "path": "/nix/store/ic8za302hvb4kf4zrs55ivr4q2n2lznn-kubectl-1.30.2-convert"
            }
          ],
          "store_path": "/nix/store/k7ql4247qs6ny27m3iz5c9xf5gb248a2-kubectl-1.30.2"
        },
        "x86_64-darwin": {
          "outputs": [
            {
              "name": "out",
              "path": "/nix/store/v029n959l5b289br0cq591b04yc48516-kubectl-1.30.2",
              "default": true
            },
            {
              "name": "man",
              "path": "/nix/store/0dvcxn7gsi2ycy9blb7pcy506w4xp2vi-kubectl-1.30.2-man",
              "default": true
            },
            {
              "name": "convert",
              "path": "/nix/store/2nfq4ivwa4a7jwc0183f2wpl1jxbn754-kubectl-1.30.2-convert"
            }
          ],
          "store_path": "/nix/store/v029n959l5b289br0cq591b04yc48516-kubectl-1.30.2"
        },
        "x86_64-linux": {
          "outputs": [
            {
              "name": "out",
              "path": "/nix/store/3vkf0406s1i6l89hk5wrakh4bbn0p1p2-kubectl-1.30.2",
              "default": true
            },
            {
              "name": "man",
              "path": "/nix/store/3wbvgkkka1knkxvyr4c8qbpr448smw8i-kubectl-1.30.2-man",
              "default": true
            },
            {
              "name": "convert",
              "path": "/nix/store/h5zxz8db6wligwhw5gnwk4gbc8j1ixik-kubectl-1.30.2-convert"
            }
          ],
          "store_path": "/nix/store/3vkf0406s1i6l89hk5wrakh4bbn0p1p2-kubectl-1.30.2"
        }
      }
    },
    "kubernetes-helm@3.15.3": {
      "last_modified": "2024-07-20T09:11:00Z",
      "resolved": "github:NixOS/nixpkgs/6e14bbce7bea6c4efd7adfa88a40dac750d80100#kubernetes-helm",
      "source": "devbox-search",
      "version": "3.15.3",
      "systems": {
        "aarch64-darwin": {
          "outputs": [
            {
              "name": "out",
              "path": "/nix/store/z4w7bnylg9h3f543yrf9bcwkxzfs82z2-kubernetes-helm-3.15.3",
              "default": true
            }
          ],
          "store_path": "/nix/store/z4w7bnylg9h3f543yrf9bcwkxzfs82z2-kubernetes-helm-3.15.3"
        },
        "aarch64-linux": {
          "outputs": [
            {
              "name": "out",
              "path": "/nix/store/aa4jksq9ljgha8plw5cqyxf60n931dir-kubernetes-helm-3.15.3",
              "default": true
            }
          ],
          "store_path": "/nix/store/aa4jksq9ljgha8plw5cqyxf60n931dir-kubernetes-helm-3.15.3"
        },
        "x86_64-darwin": {
          "outputs": [
            {
              "name": "out",
              "path": "/nix/store/fbyg2gsaf4mwml30jrsd71c90yr6f5rz-kubernetes-helm-3.15.3",
              "default": true
            }
          ],
          "store_path": "/nix/store/fbyg2gsaf4mwml30jrsd71c90yr6f5rz-kubernetes-helm-3.15.3"
        },
        "x86_64-linux": {
          "outputs": [
            {
              "name": "out",
              "path": "/nix/store/n4p0zh1s8jz9mqf1r1pki23kviq4waa7-kubernetes-helm-3.15.3",
              "default": true
            }
          ],
          "store_path": "/nix/store/n4p0zh1s8jz9mqf1r1pki23kviq4waa7-kubernetes-helm-3.15.3"
        }
      }
    },
    "kustomize@5.4.3": {
      "last_modified": "2024-07-21T11:05:48Z",
      "resolved": "github:NixOS/nixpkgs/c19d62ad2265b16e2199c5feb4650fe459ca1c46#kustomize",
      "source": "devbox-search",
      "version": "5.4.3",
      "systems": {
        "aarch64-darwin": {
          "outputs": [
            {
              "name": "out",
              "path": "/nix/store/9nc6q2v7wi0gwjw0wv3vwclacga02y99-kustomize-5.4.3",
              "default": true
            }
          ],
          "store_path": "/nix/store/9nc6q2v7wi0gwjw0wv3vwclacga02y99-kustomize-5.4.3"
        },
        "aarch64-linux": {
          "outputs": [
            {
              "name": "out",
              "path": "/nix/store/6ksbhfg0pi2a1j5mvz2cmgppklh4mdjw-kustomize-5.4.3",
              "default": true
            }
          ],
          "store_path": "/nix/store/6ksbhfg0pi2a1j5mvz2cmgppklh4mdjw-kustomize-5.4.3"
        },
        "x86_64-darwin": {
          "outputs": [
            {
              "name": "out",
              "path": "/nix/store/n5y8f6rjaidxsd4hqsx44kdsd9nqmmx6-kustomize-5.4.3",
              "default": true
            }
          ],
          "store_path": "/nix/store/n5y8f6rjaidxsd4hqsx44kdsd9nqmmx6-kustomize-5.4.3"
        },
        "x86_64-linux": {
          "outputs": [
            {
              "name": "out",
              "path": "/nix/store/lhzpalmniskqs15qdi9l887sc2a5v3sb-kustomize-5.4.3",
              "default": true
            }
          ],
          "store_path": "/nix/store/lhzpalmniskqs15qdi9l887sc2a5v3sb-kustomize-5.4.3"
        }
      }
    },
    "kubernetes-controller-tools@0.16.3": {
      "last_modified": "2024-09-20T05:11:28Z",
      "resolved": "github:NixOS/nixpkgs/79454ee9aacc9714653a4e7eb2a52b717728caff#kubernetes-controller-tools",
      "source": "devbox-search",
      "version": "0.16.3",
      "systems": {
        "aarch64-darwin": {
          "outputs": [
            {
              "name": "out",
              "path": "/nix/store/24sqlf1gyalqyk2snz3z8v1anf93dlhv-controller-tools-0.16.3",
              "default": true
            }
          ],
          "store_path": "/nix/store/24sqlf1gyalqyk2snz3z8v1anf93dlhv-controller-tools-0.16.3"
        },
        "aarch64-linux": {
          "outputs": [
            {
              "name": "out",
              "path": "/nix/store/gvazic2i7321i6sydf5n2akx5d8wda1k-controller-tools-0.16.3",
              "default": true
            }
          ],
          "store_path": "/nix/store/gvazic2i7321i6sydf5n2akx5d8wda1k-controller-tools-0.16.3"
        },
        "x86_64-darwin": {
          "outputs": [
            {
              "name": "out",
              "path": "/nix/store/gskss3768r1xy2c2z92pyc74xghhz60d-controller-tools-0.16.3",
              "default": true
            }
          ],
          "store_path": "/nix/store/gskss3768r1xy2c2z92pyc74xghhz60d-controller-tools-0.16.3"
        },
        "x86_64-linux": {
          "outputs": [
            {
              "name": "out",
              "path": "/nix/store/hk41w7aqqmv0r86ajsvj534ppxxk9gj6-controller-tools-0.16.3",
              "default": true
            }
          ],
          "store_path": "/nix/store/hk41w7aqqmv0r86ajsvj534ppxxk9gj6-controller-tools-0.16.3"
        }
      }
    },
    "kustomize@5.4.3": {
      "last_modified": "2024-09-10T15:01:03Z",
      "resolved": "github:NixOS/nixpkgs/5ed627539ac84809c78b2dd6d26a5cebeb5ae269#kustomize",
      "source": "devbox-search",
      "version": "5.4.3",
      "systems": {
        "aarch64-darwin": {
          "outputs": [
            {
              "name": "out",
              "path": "/nix/store/cj6162hcll6jw4lp0cvlh78jlwb42kvc-kustomize-5.4.3",
              "default": true
            }
          ],
          "store_path": "/nix/store/cj6162hcll6jw4lp0cvlh78jlwb42kvc-kustomize-5.4.3"
        },
        "aarch64-linux": {
          "outputs": [
            {
              "name": "out",
              "path": "/nix/store/bfz8np8k8l4xn6qq4qacwcqgmnx57vy7-kustomize-5.4.3",
              "default": true
            }
          ],
          "store_path": "/nix/store/bfz8np8k8l4xn6qq4qacwcqgmnx57vy7-kustomize-5.4.3"
        },
        "x86_64-darwin": {
          "outputs": [
            {
              "name": "out",
              "path": "/nix/store/fklmq6hmq8fq5ggxk59yrqhqrjkpb5nn-kustomize-5.4.3",
              "default": true
            }
          ],
          "store_path": "/nix/store/fklmq6hmq8fq5ggxk59yrqhqrjkpb5nn-kustomize-5.4.3"
        },
        "x86_64-linux": {
          "outputs": [
            {
              "name": "out",
              "path": "/nix/store/1xp4g0r29lkd2c8f3qmhw3flv873z20q-kustomize-5.4.3",
              "default": true
            }
          ],
          "store_path": "/nix/store/1xp4g0r29lkd2c8f3qmhw3flv873z20q-kustomize-5.4.3"
        }
      }
    },
    "mockgen@latest": {
      "last_modified": "2024-07-07T07:43:47Z",
      "resolved": "github:NixOS/nixpkgs/b60793b86201040d9dee019a05089a9150d08b5b#mockgen",
      "source": "devbox-search",
      "version": "0.4.0",
      "systems": {
        "aarch64-darwin": {
          "outputs": [
            {
              "name": "out",
              "path": "/nix/store/k2s5hjmbix6qixwbfgwl6dvpsdyp8pjg-mockgen-0.4.0",
              "default": true
            }
          ],
          "store_path": "/nix/store/k2s5hjmbix6qixwbfgwl6dvpsdyp8pjg-mockgen-0.4.0"
        },
        "aarch64-linux": {
          "outputs": [
            {
              "name": "out",
              "path": "/nix/store/y4scifjvhv60ac004rpp0x7k6ckhkg46-mockgen-0.4.0",
              "default": true
            }
          ],
          "store_path": "/nix/store/y4scifjvhv60ac004rpp0x7k6ckhkg46-mockgen-0.4.0"
        },
        "x86_64-darwin": {
          "outputs": [
            {
              "name": "out",
              "path": "/nix/store/mj1la5vzsbhpqnp607waa9wypkjra5wd-mockgen-0.4.0",
              "default": true
            }
          ],
          "store_path": "/nix/store/mj1la5vzsbhpqnp607waa9wypkjra5wd-mockgen-0.4.0"
        },
        "x86_64-linux": {
          "outputs": [
            {
              "name": "out",
              "path": "/nix/store/jw5dv0yf0h9zpi8rc20dmkxg5b4w1xga-mockgen-0.4.0",
              "default": true
            }
          ],
          "store_path": "/nix/store/jw5dv0yf0h9zpi8rc20dmkxg5b4w1xga-mockgen-0.4.0"
        }
      }
    }
  }
}
