dependencies:
- name: postgresql
  repository: https://charts.bitnami.com/bitnami
  version: 15.5.21
- name: cert-manager
  repository: https://charts.jetstack.io
  version: v1.15.3
- name: metrics-server
  repository: https://kubernetes-sigs.github.io/metrics-server/
  version: 3.12.1
digest: sha256:b61252304d4a722cd7fc84a1d5e54f1f1460115f6c34274e61c35c778fba1762
generated: "2024-08-21T19:39:01.57219546+03:00"
